
Microsoft Visual Studio Solution File, Format Version 12.00
# Visual Studio 2013
VisualStudioVersion = 12.0.30110.0
MinimumVisualStudioVersion = 10.0.40219.1
Project("{FAE04EC0-301F-11D3-BF4B-00C04F79EFBC}") = "DD4T.Providers.SDLTridion2013sp1", "DD4T.Providers.SDLTridion2013sp1\DD4T.Providers.SDLTridion2013sp1.csproj", "{425402D5-E8AD-427A-8A0C-3CFD4391D533}"
EndProject
Global
	GlobalSection(SolutionConfigurationPlatforms) = preSolution
		Debug|Any CPU = Debug|Any CPU
		MVC3|Any CPU = MVC3|Any CPU
		MVC4|Any CPU = MVC4|Any CPU
		Release|Any CPU = Release|Any CPU
		Release2011SP1|Any CPU = Release2011SP1|Any CPU
		Release2013|Any CPU = Release2013|Any CPU
	EndGlobalSection
	GlobalSection(ProjectConfigurationPlatforms) = postSolution
		{425402D5-E8AD-427A-8A0C-3CFD4391D533}.Debug|Any CPU.ActiveCfg = Debug|Any CPU
		{425402D5-E8AD-427A-8A0C-3CFD4391D533}.Debug|Any CPU.Build.0 = Debug|Any CPU
		{425402D5-E8AD-427A-8A0C-3CFD4391D533}.MVC3|Any CPU.ActiveCfg = MVC3|Any CPU
		{425402D5-E8AD-427A-8A0C-3CFD4391D533}.MVC3|Any CPU.Build.0 = MVC3|Any CPU
		{425402D5-E8AD-427A-8A0C-3CFD4391D533}.MVC4|Any CPU.ActiveCfg = MVC3|Any CPU
		{425402D5-E8AD-427A-8A0C-3CFD4391D533}.MVC4|Any CPU.Build.0 = MVC3|Any CPU
		{425402D5-E8AD-427A-8A0C-3CFD4391D533}.Release|Any CPU.ActiveCfg = Release|Any CPU
		{425402D5-E8AD-427A-8A0C-3CFD4391D533}.Release|Any CPU.Build.0 = Release|Any CPU
		{425402D5-E8AD-427A-8A0C-3CFD4391D533}.Release2011SP1|Any CPU.ActiveCfg = Release2011SP1|Any CPU
		{425402D5-E8AD-427A-8A0C-3CFD4391D533}.Release2011SP1|Any CPU.Build.0 = Release2011SP1|Any CPU
		{425402D5-E8AD-427A-8A0C-3CFD4391D533}.Release2013|Any CPU.ActiveCfg = Release2013|Any CPU
		{425402D5-E8AD-427A-8A0C-3CFD4391D533}.Release2013|Any CPU.Build.0 = Release2013|Any CPU
	EndGlobalSection
	GlobalSection(SolutionProperties) = preSolution
		HideSolutionNode = FALSE
	EndGlobalSection
EndGlobal
